# generated by spin lock -- diff me, don't edit me

[lock.sdl]
version = "0.1.0"
git = "https://github.com/jockofcode/sdl"
ref = "a747c25105e6457e966ded383da92100eb50c1be"

[lock.public_sans]
version = "0.0.0"
git = "https://github.com/uswds/public-sans"
ref = "d3df3455fb94643925f816276e81b231bc31619f"

[lock.vt323]
version = "0.0.0"
git = "https://github.com/phoikoi/VT323"
ref = "9bd4b3f69887fd960d51d07602db60a28a789145"

[lock.jetbrains_mono]
version = "0.0.0"
git = "https://github.com/JetBrains/JetBrainsMono"
ref = "19371302b95d218af43299bce79ddbddd0bc364d"
